
Microsoft Visual Studio Solution File, Format Version 12.00
# Visual Studio Version 17
VisualStudioVersion = 17.8.34330.188
MinimumVisualStudioVersion = 10.0.40219.1
Project("{FAE04EC0-301F-11D3-BF4B-00C04F79EFBC}") = "BwasbEmpty", "BwasbEmpty\BwasbEmpty.csproj", "{3F8A6238-E3E5-429F-AF5D-673CA6D6AF0E}"
EndProject
Global
	GlobalSection(SolutionConfigurationPlatforms) = preSolution
		Debug|Any CPU = Debug|Any CPU
		Release|Any CPU = Release|Any CPU
	EndGlobalSection
	GlobalSection(ProjectConfigurationPlatforms) = postSolution
		{3F8A6238-E3E5-429F-AF5D-673CA6D6AF0E}.Debug|Any CPU.ActiveCfg = Debug|Any CPU
		{3F8A6238-E3E5-429F-AF5D-673CA6D6AF0E}.Debug|Any CPU.Build.0 = Debug|Any CPU
		{3F8A6238-E3E5-429F-AF5D-673CA6D6AF0E}.Release|Any CPU.ActiveCfg = Release|Any CPU
		{3F8A6238-E3E5-429F-AF5D-673CA6D6AF0E}.Release|Any CPU.Build.0 = Release|Any CPU
	EndGlobalSection
	GlobalSection(SolutionProperties) = preSolution
		HideSolutionNode = FALSE
	EndGlobalSection
	GlobalSection(ExtensibilityGlobals) = postSolution
		SolutionGuid = {39697181-397B-4B0A-9364-3C9319EA66C3}
	EndGlobalSection
EndGlobal
